
Microsoft Visual Studio Solution File, Format Version 12.00
# Visual Studio Version 16
VisualStudioVersion = 16.0.31424.327
MinimumVisualStudioVersion = 10.0.40219.1
Project("{FAE04EC0-301F-11D3-BF4B-00C04F79EFBC}") = "Mxss.Schedules.Service", "Mxss.Schedules.Service\Mxss.Schedules.Service.csproj", "{9B235394-1655-49E2-8CD4-F47B14DD4F44}"
EndProject
Global
	GlobalSection(SolutionConfigurationPlatforms) = preSolution
		Debug|Any CPU = Debug|Any CPU
		Release|Any CPU = Release|Any CPU
	EndGlobalSection
	GlobalSection(ProjectConfigurationPlatforms) = postSolution
		{9B235394-1655-49E2-8CD4-F47B14DD4F44}.Debug|Any CPU.ActiveCfg = Debug|Any CPU
		{9B235394-1655-49E2-8CD4-F47B14DD4F44}.Debug|Any CPU.Build.0 = Debug|Any CPU
		{9B235394-1655-49E2-8CD4-F47B14DD4F44}.Release|Any CPU.ActiveCfg = Release|Any CPU
		{9B235394-1655-49E2-8CD4-F47B14DD4F44}.Release|Any CPU.Build.0 = Release|Any CPU
	EndGlobalSection
	GlobalSection(SolutionProperties) = preSolution
		HideSolutionNode = FALSE
	EndGlobalSection
	GlobalSection(ExtensibilityGlobals) = postSolution
		SolutionGuid = {FEAC3E3B-6572-40C1-9E54-F6C6C1FAEE25}
	EndGlobalSection
EndGlobal
